
Microsoft Visual Studio Solution File, Format Version 12.00
# Visual Studio 2013
VisualStudioVersion = 12.0.21005.1
MinimumVisualStudioVersion = 10.0.40219.1
Project("{2150E333-8FDC-42A3-9474-1A3956D46DE8}") = "Libs", "Libs", "{44E043C9-9F7F-4C8C-9FA1-99D3FC3F08AE}"
EndProject
Project("{2150E333-8FDC-42A3-9474-1A3956D46DE8}") = "Bin", "Bin", "{5EF203E6-B53D-4D5D-9E3D-87A2D8E169C1}"
EndProject
Project("{2150E333-8FDC-42A3-9474-1A3956D46DE8}") = "Scripts", "Scripts", "{97348345-BBD4-443F-9F6B-8FD27F2AC38A}"
EndProject
Project("{FAE04EC0-301F-11D3-BF4B-00C04F79EFBC}") = "L2.Net", "L2.Net\L2.Net.csproj", "{A51D5791-5BA0-461B-8601-65394A75705B}"
EndProject
Project("{FAE04EC0-301F-11D3-BF4B-00C04F79EFBC}") = "L2.Net.GameService", "L2.Net.GameService\L2.Net.GameService.csproj", "{2BD9BB42-09F4-4FEA-8D04-9ADC1C78BBDF}"
EndProject
Project("{FAE04EC0-301F-11D3-BF4B-00C04F79EFBC}") = "L2.Net.DataProvider", "L2.Net.DataProvider\L2.Net.DataProvider.csproj", "{33539048-06D8-43C2-87CF-3AD3F8999865}"
EndProject
Project("{FAE04EC0-301F-11D3-BF4B-00C04F79EFBC}") = "L2.Net.Scripting", "L2.Net.Scripting\L2.Net.Scripting.csproj", "{43416BBF-195F-4FF6-A0E9-193840406A13}"
EndProject
Project("{FAE04EC0-301F-11D3-BF4B-00C04F79EFBC}") = "L2.Net.LoginService", "L2.Net.LoginService\L2.Net.LoginService.csproj", "{93B4474D-3DFA-4330-9882-4E032045547A}"
EndProject
Project("{FAE04EC0-301F-11D3-BF4B-00C04F79EFBC}") = "L2.Net.NpcService", "L2.Net.NpcService\L2.Net.NpcService.csproj", "{20648FEE-C6DC-4DC6-8BFF-A2B9A5A55D2D}"
EndProject
Project("{FAE04EC0-301F-11D3-BF4B-00C04F79EFBC}") = "L2.Net.CacheService", "L2.Net.CacheService\L2.Net.CacheService.csproj", "{1E0156D0-9870-442B-A132-8145FCAA2A9D}"
EndProject
Global
	GlobalSection(SolutionConfigurationPlatforms) = preSolution
		Debug|Any CPU = Debug|Any CPU
		Release|Any CPU = Release|Any CPU
	EndGlobalSection
	GlobalSection(ProjectConfigurationPlatforms) = postSolution
		{A51D5791-5BA0-461B-8601-65394A75705B}.Debug|Any CPU.ActiveCfg = Debug|Any CPU
		{A51D5791-5BA0-461B-8601-65394A75705B}.Debug|Any CPU.Build.0 = Debug|Any CPU
		{A51D5791-5BA0-461B-8601-65394A75705B}.Release|Any CPU.ActiveCfg = Release|Any CPU
		{A51D5791-5BA0-461B-8601-65394A75705B}.Release|Any CPU.Build.0 = Release|Any CPU
		{2BD9BB42-09F4-4FEA-8D04-9ADC1C78BBDF}.Debug|Any CPU.ActiveCfg = Debug|Any CPU
		{2BD9BB42-09F4-4FEA-8D04-9ADC1C78BBDF}.Debug|Any CPU.Build.0 = Debug|Any CPU
		{2BD9BB42-09F4-4FEA-8D04-9ADC1C78BBDF}.Release|Any CPU.ActiveCfg = Release|Any CPU
		{2BD9BB42-09F4-4FEA-8D04-9ADC1C78BBDF}.Release|Any CPU.Build.0 = Release|Any CPU
		{33539048-06D8-43C2-87CF-3AD3F8999865}.Debug|Any CPU.ActiveCfg = Debug|Any CPU
		{33539048-06D8-43C2-87CF-3AD3F8999865}.Debug|Any CPU.Build.0 = Debug|Any CPU
		{33539048-06D8-43C2-87CF-3AD3F8999865}.Release|Any CPU.ActiveCfg = Release|Any CPU
		{33539048-06D8-43C2-87CF-3AD3F8999865}.Release|Any CPU.Build.0 = Release|Any CPU
		{43416BBF-195F-4FF6-A0E9-193840406A13}.Debug|Any CPU.ActiveCfg = Debug|Any CPU
		{43416BBF-195F-4FF6-A0E9-193840406A13}.Debug|Any CPU.Build.0 = Debug|Any CPU
		{43416BBF-195F-4FF6-A0E9-193840406A13}.Release|Any CPU.ActiveCfg = Release|Any CPU
		{43416BBF-195F-4FF6-A0E9-193840406A13}.Release|Any CPU.Build.0 = Release|Any CPU
		{93B4474D-3DFA-4330-9882-4E032045547A}.Debug|Any CPU.ActiveCfg = Debug|Any CPU
		{93B4474D-3DFA-4330-9882-4E032045547A}.Debug|Any CPU.Build.0 = Debug|Any CPU
		{93B4474D-3DFA-4330-9882-4E032045547A}.Release|Any CPU.ActiveCfg = Release|Any CPU
		{93B4474D-3DFA-4330-9882-4E032045547A}.Release|Any CPU.Build.0 = Release|Any CPU
		{20648FEE-C6DC-4DC6-8BFF-A2B9A5A55D2D}.Debug|Any CPU.ActiveCfg = Debug|Any CPU
		{20648FEE-C6DC-4DC6-8BFF-A2B9A5A55D2D}.Debug|Any CPU.Build.0 = Debug|Any CPU
		{20648FEE-C6DC-4DC6-8BFF-A2B9A5A55D2D}.Release|Any CPU.ActiveCfg = Release|Any CPU
		{20648FEE-C6DC-4DC6-8BFF-A2B9A5A55D2D}.Release|Any CPU.Build.0 = Release|Any CPU
		{1E0156D0-9870-442B-A132-8145FCAA2A9D}.Debug|Any CPU.ActiveCfg = Debug|Any CPU
		{1E0156D0-9870-442B-A132-8145FCAA2A9D}.Debug|Any CPU.Build.0 = Debug|Any CPU
		{1E0156D0-9870-442B-A132-8145FCAA2A9D}.Release|Any CPU.ActiveCfg = Release|Any CPU
		{1E0156D0-9870-442B-A132-8145FCAA2A9D}.Release|Any CPU.Build.0 = Release|Any CPU
	EndGlobalSection
	GlobalSection(SolutionProperties) = preSolution
		HideSolutionNode = FALSE
	EndGlobalSection
	GlobalSection(NestedProjects) = preSolution
		{A51D5791-5BA0-461B-8601-65394A75705B} = {44E043C9-9F7F-4C8C-9FA1-99D3FC3F08AE}
		{33539048-06D8-43C2-87CF-3AD3F8999865} = {44E043C9-9F7F-4C8C-9FA1-99D3FC3F08AE}
		{2BD9BB42-09F4-4FEA-8D04-9ADC1C78BBDF} = {5EF203E6-B53D-4D5D-9E3D-87A2D8E169C1}
		{93B4474D-3DFA-4330-9882-4E032045547A} = {5EF203E6-B53D-4D5D-9E3D-87A2D8E169C1}
		{20648FEE-C6DC-4DC6-8BFF-A2B9A5A55D2D} = {5EF203E6-B53D-4D5D-9E3D-87A2D8E169C1}
		{1E0156D0-9870-442B-A132-8145FCAA2A9D} = {5EF203E6-B53D-4D5D-9E3D-87A2D8E169C1}
		{43416BBF-195F-4FF6-A0E9-193840406A13} = {97348345-BBD4-443F-9F6B-8FD27F2AC38A}
	EndGlobalSection
EndGlobal
